// !$*UTF8*$!
{
	archiveVersion = 1;
	classes = {
	};
	objectVersion = 56;
	objects = {

/* Begin PBXBuildFile section */
		612DE0B32BD0A8F6002A8985 /* BackBtn.swift in Sources */ = {isa = PBXBuildFile; fileRef = 612DE0B22BD0A8F6002A8985 /* BackBtn.swift */; };
		612DE0B52BD0B5E9002A8985 /* DetailContent.swift in Sources */ = {isa = PBXBuildFile; fileRef = 612DE0B42BD0B5E9002A8985 /* DetailContent.swift */; };
		616B21CD2BCA76F000C3E098 /* WritingDiaryView.swift in Sources */ = {isa = PBXBuildFile; fileRef = 616B21CC2BCA76F000C3E098 /* WritingDiaryView.swift */; };
		616B21D32BCABF4D00C3E098 /* BtnBookMark.swift in Sources */ = {isa = PBXBuildFile; fileRef = 616B21D22BCABF4D00C3E098 /* BtnBookMark.swift */; };
		616B21D52BCDFE6100C3E098 /* dailyDiaryModel.swift in Sources */ = {isa = PBXBuildFile; fileRef = 616B21D42BCDFE6100C3E098 /* dailyDiaryModel.swift */; };
		61CBA3132BD14C4E00184D1A /* FlowerView.swift in Sources */ = {isa = PBXBuildFile; fileRef = 61CBA3122BD14C4E00184D1A /* FlowerView.swift */; };
		61D561B82BC4DDFA00381050 /* DiaryApp.swift in Sources */ = {isa = PBXBuildFile; fileRef = 61D561B72BC4DDFA00381050 /* DiaryApp.swift */; };
		61D561BA2BC4DDFA00381050 /* DiaryListView.swift in Sources */ = {isa = PBXBuildFile; fileRef = 61D561B92BC4DDFA00381050 /* DiaryListView.swift */; };
		61D561BC2BC4DDFC00381050 /* Assets.xcassets in Resources */ = {isa = PBXBuildFile; fileRef = 61D561BB2BC4DDFC00381050 /* Assets.xcassets */; };
		61D561BF2BC4DDFC00381050 /* Preview Assets.xcassets in Resources */ = {isa = PBXBuildFile; fileRef = 61D561BE2BC4DDFC00381050 /* Preview Assets.xcassets */; };
		61D561C62BC4DEF600381050 /* CalendarView.swift in Sources */ = {isa = PBXBuildFile; fileRef = 61D561C52BC4DEF600381050 /* CalendarView.swift */; };
		61D561C82BC66E0700381050 /* MonthHomeView.swift in Sources */ = {isa = PBXBuildFile; fileRef = 61D561C72BC66E0700381050 /* MonthHomeView.swift */; };
		61D561CA2BC6723B00381050 /* BtnMakeDiary.swift in Sources */ = {isa = PBXBuildFile; fileRef = 61D561C92BC6723B00381050 /* BtnMakeDiary.swift */; };
		61DA94412BCF535E00915E06 /* Date+Extension.swift in Sources */ = {isa = PBXBuildFile; fileRef = 61DA94402BCF535E00915E06 /* Date+Extension.swift */; };
		61DA94432BCF7A5C00915E06 /* BookmarkedDiary.swift in Sources */ = {isa = PBXBuildFile; fileRef = 61DA94422BCF7A5C00915E06 /* BookmarkedDiary.swift */; };
		61DA94452BCF7B2300915E06 /* TopView.swift in Sources */ = {isa = PBXBuildFile; fileRef = 61DA94442BCF7B2300915E06 /* TopView.swift */; };
		61DBC2E72BCF9B68000E6AFE /* tView.swift in Sources */ = {isa = PBXBuildFile; fileRef = 61DBC2E62BCF9B68000E6AFE /* tView.swift */; };
/* End PBXBuildFile section */

/* Begin PBXFileReference section */
		612DE0B22BD0A8F6002A8985 /* BackBtn.swift */ = {isa = PBXFileReference; lastKnownFileType = sourcecode.swift; path = BackBtn.swift; sourceTree = "<group>"; };
		612DE0B42BD0B5E9002A8985 /* DetailContent.swift */ = {isa = PBXFileReference; lastKnownFileType = sourcecode.swift; path = DetailContent.swift; sourceTree = "<group>"; };
		616B21CC2BCA76F000C3E098 /* WritingDiaryView.swift */ = {isa = PBXFileReference; lastKnownFileType = sourcecode.swift; path = WritingDiaryView.swift; sourceTree = "<group>"; };
		616B21D22BCABF4D00C3E098 /* BtnBookMark.swift */ = {isa = PBXFileReference; lastKnownFileType = sourcecode.swift; path = BtnBookMark.swift; sourceTree = "<group>"; };
		616B21D42BCDFE6100C3E098 /* dailyDiaryModel.swift */ = {isa = PBXFileReference; lastKnownFileType = sourcecode.swift; path = dailyDiaryModel.swift; sourceTree = "<group>"; };
		61CBA3122BD14C4E00184D1A /* FlowerView.swift */ = {isa = PBXFileReference; lastKnownFileType = sourcecode.swift; path = FlowerView.swift; sourceTree = "<group>"; };
		61D561B42BC4DDFA00381050 /* DiaryApp.app */ = {isa = PBXFileReference; explicitFileType = wrapper.application; includeInIndex = 0; path = DiaryApp.app; sourceTree = BUILT_PRODUCTS_DIR; };
		61D561B72BC4DDFA00381050 /* DiaryApp.swift */ = {isa = PBXFileReference; lastKnownFileType = sourcecode.swift; path = DiaryApp.swift; sourceTree = "<group>"; };
		61D561B92BC4DDFA00381050 /* DiaryListView.swift */ = {isa = PBXFileReference; lastKnownFileType = sourcecode.swift; path = DiaryListView.swift; sourceTree = "<group>"; };
		61D561BB2BC4DDFC00381050 /* Assets.xcassets */ = {isa = PBXFileReference; lastKnownFileType = folder.assetcatalog; path = Assets.xcassets; sourceTree = "<group>"; };
		61D561BE2BC4DDFC00381050 /* Preview Assets.xcassets */ = {isa = PBXFileReference; lastKnownFileType = folder.assetcatalog; path = "Preview Assets.xcassets"; sourceTree = "<group>"; };
		61D561C52BC4DEF600381050 /* CalendarView.swift */ = {isa = PBXFileReference; lastKnownFileType = sourcecode.swift; path = CalendarView.swift; sourceTree = "<group>"; };
		61D561C72BC66E0700381050 /* MonthHomeView.swift */ = {isa = PBXFileReference; lastKnownFileType = sourcecode.swift; path = MonthHomeView.swift; sourceTree = "<group>"; };
		61D561C92BC6723B00381050 /* BtnMakeDiary.swift */ = {isa = PBXFileReference; lastKnownFileType = sourcecode.swift; path = BtnMakeDiary.swift; sourceTree = "<group>"; };
		61DA94402BCF535E00915E06 /* Date+Extension.swift */ = {isa = PBXFileReference; lastKnownFileType = sourcecode.swift; path = "Date+Extension.swift"; sourceTree = "<group>"; };
		61DA94422BCF7A5C00915E06 /* BookmarkedDiary.swift */ = {isa = PBXFileReference; lastKnownFileType = sourcecode.swift; path = BookmarkedDiary.swift; sourceTree = "<group>"; };
		61DA94442BCF7B2300915E06 /* TopView.swift */ = {isa = PBXFileReference; lastKnownFileType = sourcecode.swift; path = TopView.swift; sourceTree = "<group>"; };
		61DBC2E62BCF9B68000E6AFE /* tView.swift */ = {isa = PBXFileReference; lastKnownFileType = sourcecode.swift; path = tView.swift; sourceTree = "<group>"; };
/* End PBXFileReference section */

/* Begin PBXFrameworksBuildPhase section */
		61D561B12BC4DDFA00381050 /* Frameworks */ = {
			isa = PBXFrameworksBuildPhase;
			buildActionMask = 2147483647;
			files = (
			);
			runOnlyForDeploymentPostprocessing = 0;
		};
/* End PBXFrameworksBuildPhase section */

/* Begin PBXGroup section */
		616B21D02BCABEA200C3E098 /* WritingDiary */ = {
			isa = PBXGroup;
			children = (
				616B21CC2BCA76F000C3E098 /* WritingDiaryView.swift */,
			);
			path = WritingDiary;
			sourceTree = "<group>";
		};
		616B21D12BCABF2D00C3E098 /* Component */ = {
			isa = PBXGroup;
			children = (
				61D561BB2BC4DDFC00381050 /* Assets.xcassets */,
				612DE0B22BD0A8F6002A8985 /* BackBtn.swift */,
				61DA94402BCF535E00915E06 /* Date+Extension.swift */,
				61DA94442BCF7B2300915E06 /* TopView.swift */,
				616B21D22BCABF4D00C3E098 /* BtnBookMark.swift */,
				61D561C92BC6723B00381050 /* BtnMakeDiary.swift */,
				61D561C52BC4DEF600381050 /* CalendarView.swift */,
			);
			path = Component;
			sourceTree = "<group>";
		};
		61D561AB2BC4DDFA00381050 = {
			isa = PBXGroup;
			children = (
				612DE0B42BD0B5E9002A8985 /* DetailContent.swift */,
				61DBC2E62BCF9B68000E6AFE /* tView.swift */,
				61D561B72BC4DDFA00381050 /* DiaryApp.swift */,
				61DA94462BCF974300915E06 /* Model */,
				616B21D12BCABF2D00C3E098 /* Component */,
				616B21D02BCABEA200C3E098 /* WritingDiary */,
				61D561B62BC4DDFA00381050 /* DiaryApp */,
				61D561B52BC4DDFA00381050 /* Products */,
			);
			sourceTree = "<group>";
		};
		61D561B52BC4DDFA00381050 /* Products */ = {
			isa = PBXGroup;
			children = (
				61D561B42BC4DDFA00381050 /* DiaryApp.app */,
			);
			name = Products;
			sourceTree = "<group>";
		};
		61D561B62BC4DDFA00381050 /* DiaryApp */ = {
			isa = PBXGroup;
			children = (
				61CBA3122BD14C4E00184D1A /* FlowerView.swift */,
				61D561C72BC66E0700381050 /* MonthHomeView.swift */,
				61D561B92BC4DDFA00381050 /* DiaryListView.swift */,
				61DA94422BCF7A5C00915E06 /* BookmarkedDiary.swift */,
				61D561BD2BC4DDFC00381050 /* Preview Content */,
			);
			path = DiaryApp;
			sourceTree = "<group>";
		};
		61D561BD2BC4DDFC00381050 /* Preview Content */ = {
			isa = PBXGroup;
			children = (
				61D561BE2BC4DDFC00381050 /* Preview Assets.xcassets */,
			);
			path = "Preview Content";
			sourceTree = "<group>";
		};
		61DA94462BCF974300915E06 /* Model */ = {
			isa = PBXGroup;
			children = (
				616B21D42BCDFE6100C3E098 /* dailyDiaryModel.swift */,
			);
			path = Model;
			sourceTree = "<group>";
		};
/* End PBXGroup section */

/* Begin PBXNativeTarget section */
		61D561B32BC4DDFA00381050 /* DiaryApp */ = {
			isa = PBXNativeTarget;
			buildConfigurationList = 61D561C22BC4DDFC00381050 /* Build configuration list for PBXNativeTarget "DiaryApp" */;
			buildPhases = (
				61D561B02BC4DDFA00381050 /* Sources */,
				61D561B12BC4DDFA00381050 /* Frameworks */,
				61D561B22BC4DDFA00381050 /* Resources */,
			);
			buildRules = (
			);
			dependencies = (
			);
			name = DiaryApp;
			productName = DiaryApp;
			productReference = 61D561B42BC4DDFA00381050 /* DiaryApp.app */;
			productType = "com.apple.product-type.application";
		};
/* End PBXNativeTarget section */

/* Begin PBXProject section */
		61D561AC2BC4DDFA00381050 /* Project object */ = {
			isa = PBXProject;
			attributes = {
				BuildIndependentTargetsInParallel = 1;
				LastSwiftUpdateCheck = 1520;
				LastUpgradeCheck = 1520;
				TargetAttributes = {
					61D561B32BC4DDFA00381050 = {
						CreatedOnToolsVersion = 15.2;
					};
				};
			};
			buildConfigurationList = 61D561AF2BC4DDFA00381050 /* Build configuration list for PBXProject "DiaryApp" */;
			compatibilityVersion = "Xcode 14.0";
			developmentRegion = en;
			hasScannedForEncodings = 0;
			knownRegions = (
				en,
				Base,
			);
			mainGroup = 61D561AB2BC4DDFA00381050;
			productRefGroup = 61D561B52BC4DDFA00381050 /* Products */;
			projectDirPath = "";
			projectRoot = "";
			targets = (
				61D561B32BC4DDFA00381050 /* DiaryApp */,
			);
		};
/* End PBXProject section */

/* Begin PBXResourcesBuildPhase section */
		61D561B22BC4DDFA00381050 /* Resources */ = {
			isa = PBXResourcesBuildPhase;
			buildActionMask = 2147483647;
			files = (
				61D561BF2BC4DDFC00381050 /* Preview Assets.xcassets in Resources */,
				61D561BC2BC4DDFC00381050 /* Assets.xcassets in Resources */,
			);
			runOnlyForDeploymentPostprocessing = 0;
		};
/* End PBXResourcesBuildPhase section */

/* Begin PBXSourcesBuildPhase section */
		61D561B02BC4DDFA00381050 /* Sources */ = {
			isa = PBXSourcesBuildPhase;
			buildActionMask = 2147483647;
			files = (
				612DE0B52BD0B5E9002A8985 /* DetailContent.swift in Sources */,
				61D561CA2BC6723B00381050 /* BtnMakeDiary.swift in Sources */,
				61DBC2E72BCF9B68000E6AFE /* tView.swift in Sources */,
				616B21D52BCDFE6100C3E098 /* dailyDiaryModel.swift in Sources */,
				616B21CD2BCA76F000C3E098 /* WritingDiaryView.swift in Sources */,
				612DE0B32BD0A8F6002A8985 /* BackBtn.swift in Sources */,
				61D561C82BC66E0700381050 /* MonthHomeView.swift in Sources */,
				61CBA3132BD14C4E00184D1A /* FlowerView.swift in Sources */,
				616B21D32BCABF4D00C3E098 /* BtnBookMark.swift in Sources */,
				61DA94412BCF535E00915E06 /* Date+Extension.swift in Sources */,
				61D561BA2BC4DDFA00381050 /* DiaryListView.swift in Sources */,
				61DA94452BCF7B2300915E06 /* TopView.swift in Sources */,
				61DA94432BCF7A5C00915E06 /* BookmarkedDiary.swift in Sources */,
				61D561B82BC4DDFA00381050 /* DiaryApp.swift in Sources */,
				61D561C62BC4DEF600381050 /* CalendarView.swift in Sources */,
			);
			runOnlyForDeploymentPostprocessing = 0;
		};
/* End PBXSourcesBuildPhase section */

/* Begin XCBuildConfiguration section */
		61D561C02BC4DDFC00381050 /* Debug */ = {
			isa = XCBuildConfiguration;
			buildSettings = {
				ALWAYS_SEARCH_USER_PATHS = NO;
				ASSETCATALOG_COMPILER_GENERATE_SWIFT_ASSET_SYMBOL_EXTENSIONS = YES;
				CLANG_ANALYZER_NONNULL = YES;
				CLANG_ANALYZER_NUMBER_OBJECT_CONVERSION = YES_AGGRESSIVE;
				CLANG_CXX_LANGUAGE_STANDARD = "gnu++20";
				CLANG_ENABLE_MODULES = YES;
				CLANG_ENABLE_OBJC_ARC = YES;
				CLANG_ENABLE_OBJC_WEAK = YES;
				CLANG_WARN_BLOCK_CAPTURE_AUTORELEASING = YES;
				CLANG_WARN_BOOL_CONVERSION = YES;
				CLANG_WARN_COMMA = YES;
				CLANG_WARN_CONSTANT_CONVERSION = YES;
				CLANG_WARN_DEPRECATED_OBJC_IMPLEMENTATIONS = YES;
				CLANG_WARN_DIRECT_OBJC_ISA_USAGE = YES_ERROR;
				CLANG_WARN_DOCUMENTATION_COMMENTS = YES;
				CLANG_WARN_EMPTY_BODY = YES;
				CLANG_WARN_ENUM_CONVERSION = YES;
				CLANG_WARN_INFINITE_RECURSION = YES;
				CLANG_WARN_INT_CONVERSION = YES;
				CLANG_WARN_NON_LITERAL_NULL_CONVERSION = YES;
				CLANG_WARN_OBJC_IMPLICIT_RETAIN_SELF = YES;
				CLANG_WARN_OBJC_LITERAL_CONVERSION = YES;
				CLANG_WARN_OBJC_ROOT_CLASS = YES_ERROR;
				CLANG_WARN_QUOTED_INCLUDE_IN_FRAMEWORK_HEADER = YES;
				CLANG_WARN_RANGE_LOOP_ANALYSIS = YES;
				CLANG_WARN_STRICT_PROTOTYPES = YES;
				CLANG_WARN_SUSPICIOUS_MOVE = YES;
				CLANG_WARN_UNGUARDED_AVAILABILITY = YES_AGGRESSIVE;
				CLANG_WARN_UNREACHABLE_CODE = YES;
				CLANG_WARN__DUPLICATE_METHOD_MATCH = YES;
				COPY_PHASE_STRIP = NO;
				DEBUG_INFORMATION_FORMAT = dwarf;
				ENABLE_STRICT_OBJC_MSGSEND = YES;
				ENABLE_TESTABILITY = YES;
				ENABLE_USER_SCRIPT_SANDBOXING = YES;
				GCC_C_LANGUAGE_STANDARD = gnu17;
				GCC_DYNAMIC_NO_PIC = NO;
				GCC_NO_COMMON_BLOCKS = YES;
				GCC_OPTIMIZATION_LEVEL = 0;
				GCC_PREPROCESSOR_DEFINITIONS = (
					"DEBUG=1",
					"$(inherited)",
				);
				GCC_WARN_64_TO_32_BIT_CONVERSION = YES;
				GCC_WARN_ABOUT_RETURN_TYPE = YES_ERROR;
				GCC_WARN_UNDECLARED_SELECTOR = YES;
				GCC_WARN_UNINITIALIZED_AUTOS = YES_AGGRESSIVE;
				GCC_WARN_UNUSED_FUNCTION = YES;
				GCC_WARN_UNUSED_VARIABLE = YES;
				IPHONEOS_DEPLOYMENT_TARGET = 17.2;
				LOCALIZATION_PREFERS_STRING_CATALOGS = YES;
				MTL_ENABLE_DEBUG_INFO = INCLUDE_SOURCE;
				MTL_FAST_MATH = YES;
				ONLY_ACTIVE_ARCH = YES;
				SDKROOT = iphoneos;
				SWIFT_ACTIVE_COMPILATION_CONDITIONS = "DEBUG $(inherited)";
				SWIFT_OPTIMIZATION_LEVEL = "-Onone";
			};
			name = Debug;
		};
		61D561C12BC4DDFC00381050 /* Release */ = {
			isa = XCBuildConfiguration;
			buildSettings = {
				ALWAYS_SEARCH_USER_PATHS = NO;
				ASSETCATALOG_COMPILER_GENERATE_SWIFT_ASSET_SYMBOL_EXTENSIONS = YES;
				CLANG_ANALYZER_NONNULL = YES;
				CLANG_ANALYZER_NUMBER_OBJECT_CONVERSION = YES_AGGRESSIVE;
				CLANG_CXX_LANGUAGE_STANDARD = "gnu++20";
				CLANG_ENABLE_MODULES = YES;
				CLANG_ENABLE_OBJC_ARC = YES;
				CLANG_ENABLE_OBJC_WEAK = YES;
				CLANG_WARN_BLOCK_CAPTURE_AUTORELEASING = YES;
				CLANG_WARN_BOOL_CONVERSION = YES;
				CLANG_WARN_COMMA = YES;
				CLANG_WARN_CONSTANT_CONVERSION = YES;
				CLANG_WARN_DEPRECATED_OBJC_IMPLEMENTATIONS = YES;
				CLANG_WARN_DIRECT_OBJC_ISA_USAGE = YES_ERROR;
				CLANG_WARN_DOCUMENTATION_COMMENTS = YES;
				CLANG_WARN_EMPTY_BODY = YES;
				CLANG_WARN_ENUM_CONVERSION = YES;
				CLANG_WARN_INFINITE_RECURSION = YES;
				CLANG_WARN_INT_CONVERSION = YES;
				CLANG_WARN_NON_LITERAL_NULL_CONVERSION = YES;
				CLANG_WARN_OBJC_IMPLICIT_RETAIN_SELF = YES;
				CLANG_WARN_OBJC_LITERAL_CONVERSION = YES;
				CLANG_WARN_OBJC_ROOT_CLASS = YES_ERROR;
				CLANG_WARN_QUOTED_INCLUDE_IN_FRAMEWORK_HEADER = YES;
				CLANG_WARN_RANGE_LOOP_ANALYSIS = YES;
				CLANG_WARN_STRICT_PROTOTYPES = YES;
				CLANG_WARN_SUSPICIOUS_MOVE = YES;
				CLANG_WARN_UNGUARDED_AVAILABILITY = YES_AGGRESSIVE;
				CLANG_WARN_UNREACHABLE_CODE = YES;
				CLANG_WARN__DUPLICATE_METHOD_MATCH = YES;
				COPY_PHASE_STRIP = NO;
				DEBUG_INFORMATION_FORMAT = "dwarf-with-dsym";
				ENABLE_NS_ASSERTIONS = NO;
				ENABLE_STRICT_OBJC_MSGSEND = YES;
				ENABLE_USER_SCRIPT_SANDBOXING = YES;
				GCC_C_LANGUAGE_STANDARD = gnu17;
				GCC_NO_COMMON_BLOCKS = YES;
				GCC_WARN_64_TO_32_BIT_CONVERSION = YES;
				GCC_WARN_ABOUT_RETURN_TYPE = YES_ERROR;
				GCC_WARN_UNDECLARED_SELECTOR = YES;
				GCC_WARN_UNINITIALIZED_AUTOS = YES_AGGRESSIVE;
				GCC_WARN_UNUSED_FUNCTION = YES;
				GCC_WARN_UNUSED_VARIABLE = YES;
				IPHONEOS_DEPLOYMENT_TARGET = 17.2;
				LOCALIZATION_PREFERS_STRING_CATALOGS = YES;
				MTL_ENABLE_DEBUG_INFO = NO;
				MTL_FAST_MATH = YES;
				SDKROOT = iphoneos;
				SWIFT_COMPILATION_MODE = wholemodule;
				VALIDATE_PRODUCT = YES;
			};
			name = Release;
		};
		61D561C32BC4DDFC00381050 /* Debug */ = {
			isa = XCBuildConfiguration;
			buildSettings = {
				ASSETCATALOG_COMPILER_APPICON_NAME = AppIcon;
				ASSETCATALOG_COMPILER_GLOBAL_ACCENT_COLOR_NAME = AccentColor;
				CODE_SIGN_STYLE = Automatic;
				CURRENT_PROJECT_VERSION = 1;
				DEVELOPMENT_ASSET_PATHS = "\"DiaryApp/Preview Content\"";
				DEVELOPMENT_TEAM = TA9TKWGKS3;
				ENABLE_PREVIEWS = YES;
				GENERATE_INFOPLIST_FILE = YES;
				INFOPLIST_KEY_UIApplicationSceneManifest_Generation = YES;
				INFOPLIST_KEY_UIApplicationSupportsIndirectInputEvents = YES;
				INFOPLIST_KEY_UILaunchScreen_Generation = YES;
				INFOPLIST_KEY_UISupportedInterfaceOrientations_iPad = "UIInterfaceOrientationPortrait UIInterfaceOrientationPortraitUpsideDown UIInterfaceOrientationLandscapeLeft UIInterfaceOrientationLandscapeRight";
				INFOPLIST_KEY_UISupportedInterfaceOrientations_iPhone = "UIInterfaceOrientationPortrait UIInterfaceOrientationLandscapeLeft UIInterfaceOrientationLandscapeRight";
				LD_RUNPATH_SEARCH_PATHS = (
					"$(inherited)",
					"@executable_path/Frameworks",
				);
				MARKETING_VERSION = 1.0;
				PRODUCT_BUNDLE_IDENTIFIER = com.trudy.DiaryApp;
				PRODUCT_NAME = "$(TARGET_NAME)";
				SWIFT_EMIT_LOC_STRINGS = YES;
				SWIFT_VERSION = 5.0;
				TARGETED_DEVICE_FAMILY = "1,2";
			};
			name = Debug;
		};
		61D561C42BC4DDFC00381050 /* Release */ = {
			isa = XCBuildConfiguration;
			buildSettings = {
				ASSETCATALOG_COMPILER_APPICON_NAME = AppIcon;
				ASSETCATALOG_COMPILER_GLOBAL_ACCENT_COLOR_NAME = AccentColor;
				CODE_SIGN_STYLE = Automatic;
				CURRENT_PROJECT_VERSION = 1;
				DEVELOPMENT_ASSET_PATHS = "\"DiaryApp/Preview Content\"";
				DEVELOPMENT_TEAM = TA9TKWGKS3;
				ENABLE_PREVIEWS = YES;
				GENERATE_INFOPLIST_FILE = YES;
				INFOPLIST_KEY_UIApplicationSceneManifest_Generation = YES;
				INFOPLIST_KEY_UIApplicationSupportsIndirectInputEvents = YES;
				INFOPLIST_KEY_UILaunchScreen_Generation = YES;
				INFOPLIST_KEY_UISupportedInterfaceOrientations_iPad = "UIInterfaceOrientationPortrait UIInterfaceOrientationPortraitUpsideDown UIInterfaceOrientationLandscapeLeft UIInterfaceOrientationLandscapeRight";
				INFOPLIST_KEY_UISupportedInterfaceOrientations_iPhone = "UIInterfaceOrientationPortrait UIInterfaceOrientationLandscapeLeft UIInterfaceOrientationLandscapeRight";
				LD_RUNPATH_SEARCH_PATHS = (
					"$(inherited)",
					"@executable_path/Frameworks",
				);
				MARKETING_VERSION = 1.0;
				PRODUCT_BUNDLE_IDENTIFIER = com.trudy.DiaryApp;
				PRODUCT_NAME = "$(TARGET_NAME)";
				SWIFT_EMIT_LOC_STRINGS = YES;
				SWIFT_VERSION = 5.0;
				TARGETED_DEVICE_FAMILY = "1,2";
			};
			name = Release;
		};
/* End XCBuildConfiguration section */

/* Begin XCConfigurationList section */
		61D561AF2BC4DDFA00381050 /* Build configuration list for PBXProject "DiaryApp" */ = {
			isa = XCConfigurationList;
			buildConfigurations = (
				61D561C02BC4DDFC00381050 /* Debug */,
				61D561C12BC4DDFC00381050 /* Release */,
			);
			defaultConfigurationIsVisible = 0;
			defaultConfigurationName = Release;
		};
		61D561C22BC4DDFC00381050 /* Build configuration list for PBXNativeTarget "DiaryApp" */ = {
			isa = XCConfigurationList;
			buildConfigurations = (
				61D561C32BC4DDFC00381050 /* Debug */,
				61D561C42BC4DDFC00381050 /* Release */,
			);
			defaultConfigurationIsVisible = 0;
			defaultConfigurationName = Release;
		};
/* End XCConfigurationList section */
	};
	rootObject = 61D561AC2BC4DDFA00381050 /* Project object */;
}
